
Microsoft Visual Studio Solution File, Format Version 12.00
Project("{FAE04EC0-301F-11D3-BF4B-00C04F79EFBC}") = "Postgresql.Api", "Postgresql.Api/Postgresql.Api.csproj", "{38F4EF2F-4EC1-4152-A21F-744C2BAAA376}"
EndProject
Project("{FAE04EC0-301F-11D3-BF4B-00C04F79EFBC}") = "Postgresql.Domain", "Postgresql.Domain\Postgresql.Domain.csproj", "{D5C449DD-E0ED-46C3-8D61-03E53B2A1B93}"
EndProject
Project("{FAE04EC0-301F-11D3-BF4B-00C04F79EFBC}") = "Postgresql.Infrastructure.Repository", "Postgresql.Infrastructure.Repository\Postgresql.Infrastructure.Repository.csproj", "{7279C7C7-5415-42DB-9030-076204F20ADF}"
EndProject
Project("{FAE04EC0-301F-11D3-BF4B-00C04F79EFBC}") = "Postgresql.Application", "Postgresql.Application\Postgresql.Application.csproj", "{6278B982-608F-4574-9FB8-B42A724126A2}"
EndProject
Global
	GlobalSection(SolutionConfigurationPlatforms) = preSolution
		Debug|Any CPU = Debug|Any CPU
		Release|Any CPU = Release|Any CPU
	EndGlobalSection
	GlobalSection(ProjectConfigurationPlatforms) = postSolution
		{38F4EF2F-4EC1-4152-A21F-744C2BAAA376}.Debug|Any CPU.ActiveCfg = Debug|Any CPU
		{38F4EF2F-4EC1-4152-A21F-744C2BAAA376}.Debug|Any CPU.Build.0 = Debug|Any CPU
		{38F4EF2F-4EC1-4152-A21F-744C2BAAA376}.Release|Any CPU.ActiveCfg = Release|Any CPU
		{38F4EF2F-4EC1-4152-A21F-744C2BAAA376}.Release|Any CPU.Build.0 = Release|Any CPU
		{D5C449DD-E0ED-46C3-8D61-03E53B2A1B93}.Debug|Any CPU.ActiveCfg = Debug|Any CPU
		{D5C449DD-E0ED-46C3-8D61-03E53B2A1B93}.Debug|Any CPU.Build.0 = Debug|Any CPU
		{D5C449DD-E0ED-46C3-8D61-03E53B2A1B93}.Release|Any CPU.ActiveCfg = Release|Any CPU
		{D5C449DD-E0ED-46C3-8D61-03E53B2A1B93}.Release|Any CPU.Build.0 = Release|Any CPU
		{7279C7C7-5415-42DB-9030-076204F20ADF}.Debug|Any CPU.ActiveCfg = Debug|Any CPU
		{7279C7C7-5415-42DB-9030-076204F20ADF}.Debug|Any CPU.Build.0 = Debug|Any CPU
		{7279C7C7-5415-42DB-9030-076204F20ADF}.Release|Any CPU.ActiveCfg = Release|Any CPU
		{7279C7C7-5415-42DB-9030-076204F20ADF}.Release|Any CPU.Build.0 = Release|Any CPU
		{6278B982-608F-4574-9FB8-B42A724126A2}.Debug|Any CPU.ActiveCfg = Debug|Any CPU
		{6278B982-608F-4574-9FB8-B42A724126A2}.Debug|Any CPU.Build.0 = Debug|Any CPU
		{6278B982-608F-4574-9FB8-B42A724126A2}.Release|Any CPU.ActiveCfg = Release|Any CPU
		{6278B982-608F-4574-9FB8-B42A724126A2}.Release|Any CPU.Build.0 = Release|Any CPU
	EndGlobalSection
EndGlobal
